{
  "name": "docket",
  "version": "0.1.1",
  "lockfileVersion": 1,
  "requires": true,
  "dependencies": {
    "tns-android": {
      "version": "6.5.3",
      "resolved": "https://registry.npmjs.org/tns-android/-/tns-android-6.5.3.tgz",
      "integrity": "sha512-mOrXIvrZT81MSYmsST1BNw2ps/yEPt88nbKsPwGW/E7RWpp1z0zVVrLdOxVi1U8np2AAFtAg9e4mIdJgvjH4ng==",
      "dev": true
    },
    "tns-ios": {
      "version": "6.5.4",
      "resolved": "https://registry.npmjs.org/tns-ios/-/tns-ios-6.5.4.tgz",
      "integrity": "sha512-hnin6x7wjv/EFAh8LTwEozw5MnzwZo1XP/LCFe3H9/J97ouRl0UozJQMK+1/io1JpNnN79WNd5RwFqI4iH4BIA==",
      "dev": true
    }
  }
}
